lockfileVersion: '9.0'

settings:
  autoInstallPeers: true
  excludeLinksFromLockfile: false

importers:

  .:
    dependencies:
      '@uspark/core':
        specifier: workspace:*
        version: link:../../packages/core
      js-sha256:
        specifier: ^0.11.1
        version: 0.11.1
    devDependencies:
      '@uspark/eslint-config':
        specifier: workspace:*
        version: link:../../packages/eslint-config
      '@uspark/typescript-config':
        specifier: workspace:*
        version: link:../../packages/typescript-config

packages:

  js-sha256@0.11.1:
    resolution: {integrity: sha512-o6WSo/LUvY2uC4j7mO50a2ms7E/EAdbP0swigLV+nzHKTTaYnaLIWJ02VdXrsJX0vGedDESQnLsOekr94ryfjg==}

snapshots:

  js-sha256@0.11.1: {}
